
Microsoft Visual Studio Solution File, Format Version 12.00
# Visual Studio Version 17
VisualStudioVersion = 17.0.31903.59
MinimumVisualStudioVersion = 10.0.40219.1
Project("{9A19103F-16F7-4668-BE54-9A1E7A4F7556}") = "Facebook", "Facebook\Facebook.csproj", "{ADC7B57D-9B69-471A-BCB1-34F1C651D2F8}"
EndProject
Project("{FAE04EC0-301F-11D3-BF4B-00C04F79EFBC}") = "Facebook.Infrastructure", "Facebook.Infrastructure\Facebook.Infrastructure.csproj", "{46EADD31-F99D-435D-B052-EC5DD395BF67}"
EndProject
Global
	GlobalSection(SolutionConfigurationPlatforms) = preSolution
		Debug|Any CPU = Debug|Any CPU
		Release|Any CPU = Release|Any CPU
	EndGlobalSection
	GlobalSection(ProjectConfigurationPlatforms) = postSolution
		{ADC7B57D-9B69-471A-BCB1-34F1C651D2F8}.Debug|Any CPU.ActiveCfg = Debug|Any CPU
		{ADC7B57D-9B69-471A-BCB1-34F1C651D2F8}.Debug|Any CPU.Build.0 = Debug|Any CPU
		{ADC7B57D-9B69-471A-BCB1-34F1C651D2F8}.Release|Any CPU.ActiveCfg = Release|Any CPU
		{ADC7B57D-9B69-471A-BCB1-34F1C651D2F8}.Release|Any CPU.Build.0 = Release|Any CPU
		{46EADD31-F99D-435D-B052-EC5DD395BF67}.Debug|Any CPU.ActiveCfg = Debug|Any CPU
		{46EADD31-F99D-435D-B052-EC5DD395BF67}.Debug|Any CPU.Build.0 = Debug|Any CPU
		{46EADD31-F99D-435D-B052-EC5DD395BF67}.Release|Any CPU.ActiveCfg = Release|Any CPU
		{46EADD31-F99D-435D-B052-EC5DD395BF67}.Release|Any CPU.Build.0 = Release|Any CPU
	EndGlobalSection
	GlobalSection(SolutionProperties) = preSolution
		HideSolutionNode = FALSE
	EndGlobalSection
	GlobalSection(ExtensibilityGlobals) = postSolution
		SolutionGuid = {4EBF2E25-417A-4495-AFED-A7E66547B4E0}
	EndGlobalSection
EndGlobal
